{
  "version": 4,
  "terraform_version": "1.12.2",
  "serial": 8,
  "lineage": "c60b8d97-b0f6-088e-075e-825e92a5b413",
  "outputs": {
    "application_gateway_id": {
      "value": "/subscriptions/7f16aeca-0ad0-4844-845d-fad64868f677/resourceGroups/waf-rg/providers/Microsoft.Network/applicationGateways/example-waf",
      "type": "string"
    },
    "waf_public_ip": {
      "value": "172.190.13.185",
      "type": "string"
    }
  },
  "resources": [
    {
      "mode": "managed",
      "type": "azurerm_application_gateway",
      "name": "waf",
      "provider": "provider[\"registry.terraform.io/hashicorp/azurerm\"]",
      "instances": [
        {
          "schema_version": 0,
          "attributes": {
            "authentication_certificate": [],
            "autoscale_configuration": [],
            "backend_address_pool": [
              {
                "fqdns": [],
                "id": "/subscriptions/7f16aeca-0ad0-4844-845d-fad64868f677/resourceGroups/waf-rg/providers/Microsoft.Network/applicationGateways/example-waf/backendAddressPools/backendPool",
                "ip_addresses": [],
                "name": "backendPool"
              }
            ],
            "backend_http_settings": [
              {
                "affinity_cookie_name": "",
                "authentication_certificate": [],
                "connection_draining": [],
                "cookie_based_affinity": "Disabled",
                "host_name": "",
                "id": "/subscriptions/7f16aeca-0ad0-4844-845d-fad64868f677/resourceGroups/waf-rg/providers/Microsoft.Network/applicationGateways/example-waf/backendHttpSettingsCollection/httpSettings",
                "name": "httpSettings",
                "path": "",
                "pick_host_name_from_backend_address": false,
                "port": 80,
                "probe_id": "",
                "probe_name": "",
                "protocol": "Http",
                "request_timeout": 20,
                "trusted_root_certificate_names": []
              }
            ],
            "custom_error_configuration": [],
            "enable_http2": false,
            "fips_enabled": false,
            "firewall_policy_id": "",
            "force_firewall_policy_association": false,
            "frontend_ip_configuration": [
              {
                "id": "/subscriptions/7f16aeca-0ad0-4844-845d-fad64868f677/resourceGroups/waf-rg/providers/Microsoft.Network/applicationGateways/example-waf/frontendIPConfigurations/frontendIP",
                "name": "frontendIP",
                "private_ip_address": "",
                "private_ip_address_allocation": "Dynamic",
                "private_link_configuration_id": "",
                "private_link_configuration_name": "",
                "public_ip_address_id": "/subscriptions/7f16aeca-0ad0-4844-845d-fad64868f677/resourceGroups/waf-rg/providers/Microsoft.Network/publicIPAddresses/waf-pip",
                "subnet_id": ""
              }
            ],
            "frontend_port": [
              {
                "id": "/subscriptions/7f16aeca-0ad0-4844-845d-fad64868f677/resourceGroups/waf-rg/providers/Microsoft.Network/applicationGateways/example-waf/frontendPorts/frontendPort",
                "name": "frontendPort",
                "port": 80
              }
            ],
            "gateway_ip_configuration": [
              {
                "id": "/subscriptions/7f16aeca-0ad0-4844-845d-fad64868f677/resourceGroups/waf-rg/providers/Microsoft.Network/applicationGateways/example-waf/gatewayIPConfigurations/gwipconfig",
                "name": "gwipconfig",
                "subnet_id": "/subscriptions/7f16aeca-0ad0-4844-845d-fad64868f677/resourceGroups/waf-rg/providers/Microsoft.Network/virtualNetworks/waf-vnet/subnets/waf-subnet"
              }
            ],
            "global": [],
            "http_listener": [
              {
                "custom_error_configuration": [],
                "firewall_policy_id": "",
                "frontend_ip_configuration_id": "/subscriptions/7f16aeca-0ad0-4844-845d-fad64868f677/resourceGroups/waf-rg/providers/Microsoft.Network/applicationGateways/example-waf/frontendIPConfigurations/frontendIP",
                "frontend_ip_configuration_name": "frontendIP",
                "frontend_port_id": "/subscriptions/7f16aeca-0ad0-4844-845d-fad64868f677/resourceGroups/waf-rg/providers/Microsoft.Network/applicationGateways/example-waf/frontendPorts/frontendPort",
                "frontend_port_name": "frontendPort",
                "host_name": "",
                "host_names": [],
                "id": "/subscriptions/7f16aeca-0ad0-4844-845d-fad64868f677/resourceGroups/waf-rg/providers/Microsoft.Network/applicationGateways/example-waf/httpListeners/httpListener",
                "name": "httpListener",
                "protocol": "Http",
                "require_sni": false,
                "ssl_certificate_id": "",
                "ssl_certificate_name": "",
                "ssl_profile_id": "",
                "ssl_profile_name": ""
              }
            ],
            "id": "/subscriptions/7f16aeca-0ad0-4844-845d-fad64868f677/resourceGroups/waf-rg/providers/Microsoft.Network/applicationGateways/example-waf",
            "identity": [],
            "location": "eastus",
            "name": "example-waf",
            "private_endpoint_connection": [],
            "private_link_configuration": [],
            "probe": [],
            "redirect_configuration": [],
            "request_routing_rule": [
              {
                "backend_address_pool_id": "/subscriptions/7f16aeca-0ad0-4844-845d-fad64868f677/resourceGroups/waf-rg/providers/Microsoft.Network/applicationGateways/example-waf/backendAddressPools/backendPool",
                "backend_address_pool_name": "backendPool",
                "backend_http_settings_id": "/subscriptions/7f16aeca-0ad0-4844-845d-fad64868f677/resourceGroups/waf-rg/providers/Microsoft.Network/applicationGateways/example-waf/backendHttpSettingsCollection/httpSettings",
                "backend_http_settings_name": "httpSettings",
                "http_listener_id": "/subscriptions/7f16aeca-0ad0-4844-845d-fad64868f677/resourceGroups/waf-rg/providers/Microsoft.Network/applicationGateways/example-waf/httpListeners/httpListener",
                "http_listener_name": "httpListener",
                "id": "/subscriptions/7f16aeca-0ad0-4844-845d-fad64868f677/resourceGroups/waf-rg/providers/Microsoft.Network/applicationGateways/example-waf/requestRoutingRules/rule1",
                "name": "rule1",
                "priority": 100,
                "redirect_configuration_id": "",
                "redirect_configuration_name": "",
                "rewrite_rule_set_id": "",
                "rewrite_rule_set_name": "",
                "rule_type": "Basic",
                "url_path_map_id": "",
                "url_path_map_name": ""
              }
            ],
            "resource_group_name": "waf-rg",
            "rewrite_rule_set": [],
            "sku": [
              {
                "capacity": 2,
                "name": "WAF_v2",
                "tier": "WAF_v2"
              }
            ],
            "ssl_certificate": [],
            "ssl_policy": [
              {
                "cipher_suites": [],
                "disabled_protocols": [],
                "min_protocol_version": "",
                "policy_name": "AppGwSslPolicy20220101",
                "policy_type": "Predefined"
              }
            ],
            "ssl_profile": [],
            "tags": null,
            "timeouts": null,
            "trusted_client_certificate": [],
            "trusted_root_certificate": [],
            "url_path_map": [
              {
                "default_backend_address_pool_id": "/subscriptions/7f16aeca-0ad0-4844-845d-fad64868f677/resourceGroups/waf-rg/providers/Microsoft.Network/applicationGateways/example-waf/backendAddressPools/backendPool",
                "default_backend_address_pool_name": "backendPool",
                "default_backend_http_settings_id": "/subscriptions/7f16aeca-0ad0-4844-845d-fad64868f677/resourceGroups/waf-rg/providers/Microsoft.Network/applicationGateways/example-waf/backendHttpSettingsCollection/httpSettings",
                "default_backend_http_settings_name": "httpSettings",
                "default_redirect_configuration_id": "",
                "default_redirect_configuration_name": "",
                "default_rewrite_rule_set_id": "",
                "default_rewrite_rule_set_name": "",
                "id": "/subscriptions/7f16aeca-0ad0-4844-845d-fad64868f677/resourceGroups/waf-rg/providers/Microsoft.Network/applicationGateways/example-waf/urlPathMaps/urlPathMap",
                "name": "urlPathMap",
                "path_rule": [
                  {
                    "backend_address_pool_id": "/subscriptions/7f16aeca-0ad0-4844-845d-fad64868f677/resourceGroups/waf-rg/providers/Microsoft.Network/applicationGateways/example-waf/backendAddressPools/backendPool",
                    "backend_address_pool_name": "backendPool",
                    "backend_http_settings_id": "/subscriptions/7f16aeca-0ad0-4844-845d-fad64868f677/resourceGroups/waf-rg/providers/Microsoft.Network/applicationGateways/example-waf/backendHttpSettingsCollection/httpSettings",
                    "backend_http_settings_name": "httpSettings",
                    "firewall_policy_id": "",
                    "id": "/subscriptions/7f16aeca-0ad0-4844-845d-fad64868f677/resourceGroups/waf-rg/providers/Microsoft.Network/applicationGateways/example-waf/urlPathMaps/urlPathMap/pathRules/example-path-rule",
                    "name": "example-path-rule",
                    "paths": [
                      "/images/*",
                      "/videos/*"
                    ],
                    "redirect_configuration_id": "",
                    "redirect_configuration_name": "",
                    "rewrite_rule_set_id": "",
                    "rewrite_rule_set_name": ""
                  }
                ]
              }
            ],
            "waf_configuration": [
              {
                "disabled_rule_group": [],
                "enabled": true,
                "exclusion": [],
                "file_upload_limit_mb": 100,
                "firewall_mode": "Prevention",
                "max_request_body_size_kb": 128,
                "request_body_check": true,
                "rule_set_type": "OWASP",
                "rule_set_version": "3.2"
              }
            ],
            "zones": [
              "1",
              "2",
              "3"
            ]
          },
          "sensitive_attributes": [],
          "identity_schema_version": 0,
          "identity": {
            "name": "example-waf",
            "resource_group_name": "waf-rg",
            "subscription_id": "7f16aeca-0ad0-4844-845d-fad64868f677"
          },
          "private": "eyJlMmJmYjczMC1lY2FhLTExZTYtOGY4OC0zNDM2M2JjN2M0YzAiOnsiY3JlYXRlIjo1NDAwMDAwMDAwMDAwLCJkZWxldGUiOjU0MDAwMDAwMDAwMDAsInJlYWQiOjMwMDAwMDAwMDAwMCwidXBkYXRlIjo1NDAwMDAwMDAwMDAwfX0=",
          "dependencies": [
            "azurerm_public_ip.pip",
            "azurerm_resource_group.rg",
            "azurerm_subnet.subnet",
            "azurerm_virtual_network.vnet"
          ]
        }
      ]
    },
    {
      "mode": "managed",
      "type": "azurerm_public_ip",
      "name": "pip",
      "provider": "provider[\"registry.terraform.io/hashicorp/azurerm\"]",
      "instances": [
        {
          "schema_version": 0,
          "attributes": {
            "allocation_method": "Static",
            "ddos_protection_mode": "VirtualNetworkInherited",
            "ddos_protection_plan_id": null,
            "domain_name_label": null,
            "domain_name_label_scope": null,
            "edge_zone": "",
            "fqdn": null,
            "id": "/subscriptions/7f16aeca-0ad0-4844-845d-fad64868f677/resourceGroups/waf-rg/providers/Microsoft.Network/publicIPAddresses/waf-pip",
            "idle_timeout_in_minutes": 4,
            "ip_address": "172.190.13.185",
            "ip_tags": {},
            "ip_version": "IPv4",
            "location": "eastus",
            "name": "waf-pip",
            "public_ip_prefix_id": null,
            "resource_group_name": "waf-rg",
            "reverse_fqdn": null,
            "sku": "Standard",
            "sku_tier": "Regional",
            "tags": {},
            "timeouts": null,
            "zones": []
          },
          "sensitive_attributes": [],
          "identity_schema_version": 0,
          "private": "eyJlMmJmYjczMC1lY2FhLTExZTYtOGY4OC0zNDM2M2JjN2M0YzAiOnsiY3JlYXRlIjoxODAwMDAwMDAwMDAwLCJkZWxldGUiOjE4MDAwMDAwMDAwMDAsInJlYWQiOjMwMDAwMDAwMDAwMCwidXBkYXRlIjoxODAwMDAwMDAwMDAwfX0=",
          "dependencies": [
            "azurerm_resource_group.rg"
          ]
        }
      ]
    },
    {
      "mode": "managed",
      "type": "azurerm_resource_group",
      "name": "rg",
      "provider": "provider[\"registry.terraform.io/hashicorp/azurerm\"]",
      "instances": [
        {
          "schema_version": 0,
          "attributes": {
            "id": "/subscriptions/7f16aeca-0ad0-4844-845d-fad64868f677/resourceGroups/waf-rg",
            "location": "eastus",
            "managed_by": "",
            "name": "waf-rg",
            "tags": {},
            "timeouts": null
          },
          "sensitive_attributes": [],
          "identity_schema_version": 0,
          "private": "eyJlMmJmYjczMC1lY2FhLTExZTYtOGY4OC0zNDM2M2JjN2M0YzAiOnsiY3JlYXRlIjo1NDAwMDAwMDAwMDAwLCJkZWxldGUiOjU0MDAwMDAwMDAwMDAsInJlYWQiOjMwMDAwMDAwMDAwMCwidXBkYXRlIjo1NDAwMDAwMDAwMDAwfX0="
        }
      ]
    },
    {
      "mode": "managed",
      "type": "azurerm_subnet",
      "name": "subnet",
      "provider": "provider[\"registry.terraform.io/hashicorp/azurerm\"]",
      "instances": [
        {
          "schema_version": 0,
          "attributes": {
            "address_prefixes": [
              "10.0.1.0/24"
            ],
            "default_outbound_access_enabled": true,
            "delegation": [],
            "id": "/subscriptions/7f16aeca-0ad0-4844-845d-fad64868f677/resourceGroups/waf-rg/providers/Microsoft.Network/virtualNetworks/waf-vnet/subnets/waf-subnet",
            "name": "waf-subnet",
            "private_endpoint_network_policies": "Disabled",
            "private_link_service_network_policies_enabled": true,
            "resource_group_name": "waf-rg",
            "service_endpoint_policy_ids": [],
            "service_endpoints": [],
            "timeouts": null,
            "virtual_network_name": "waf-vnet"
          },
          "sensitive_attributes": [],
          "identity_schema_version": 0,
          "identity": {
            "name": "waf-subnet",
            "resource_group_name": "waf-rg",
            "subscription_id": "7f16aeca-0ad0-4844-845d-fad64868f677",
            "virtual_network_name": "waf-vnet"
          },
          "private": "eyJlMmJmYjczMC1lY2FhLTExZTYtOGY4OC0zNDM2M2JjN2M0YzAiOnsiY3JlYXRlIjoxODAwMDAwMDAwMDAwLCJkZWxldGUiOjE4MDAwMDAwMDAwMDAsInJlYWQiOjMwMDAwMDAwMDAwMCwidXBkYXRlIjoxODAwMDAwMDAwMDAwfX0=",
          "dependencies": [
            "azurerm_resource_group.rg",
            "azurerm_virtual_network.vnet"
          ]
        }
      ]
    },
    {
      "mode": "managed",
      "type": "azurerm_virtual_network",
      "name": "vnet",
      "provider": "provider[\"registry.terraform.io/hashicorp/azurerm\"]",
      "instances": [
        {
          "schema_version": 0,
          "attributes": {
            "address_space": [
              "10.0.0.0/16"
            ],
            "bgp_community": "",
            "ddos_protection_plan": [],
            "dns_servers": [],
            "edge_zone": "",
            "encryption": [],
            "flow_timeout_in_minutes": 0,
            "guid": "89a71e2d-372c-4739-8965-a90a4ed2621c",
            "id": "/subscriptions/7f16aeca-0ad0-4844-845d-fad64868f677/resourceGroups/waf-rg/providers/Microsoft.Network/virtualNetworks/waf-vnet",
            "ip_address_pool": [],
            "location": "eastus",
            "name": "waf-vnet",
            "private_endpoint_vnet_policies": "Disabled",
            "resource_group_name": "waf-rg",
            "subnet": [
              {
                "address_prefixes": [
                  "10.0.1.0/24"
                ],
                "default_outbound_access_enabled": true,
                "delegation": [],
                "id": "/subscriptions/7f16aeca-0ad0-4844-845d-fad64868f677/resourceGroups/waf-rg/providers/Microsoft.Network/virtualNetworks/waf-vnet/subnets/waf-subnet",
                "name": "waf-subnet",
                "private_endpoint_network_policies": "Disabled",
                "private_link_service_network_policies_enabled": true,
                "route_table_id": "",
                "security_group": "",
                "service_endpoint_policy_ids": [],
                "service_endpoints": []
              }
            ],
            "tags": {},
            "timeouts": null
          },
          "sensitive_attributes": [],
          "identity_schema_version": 0,
          "identity": {
            "name": "waf-vnet",
            "resource_group_name": "waf-rg",
            "subscription_id": "7f16aeca-0ad0-4844-845d-fad64868f677"
          },
          "private": "eyJlMmJmYjczMC1lY2FhLTExZTYtOGY4OC0zNDM2M2JjN2M0YzAiOnsiY3JlYXRlIjoxODAwMDAwMDAwMDAwLCJkZWxldGUiOjE4MDAwMDAwMDAwMDAsInJlYWQiOjMwMDAwMDAwMDAwMCwidXBkYXRlIjoxODAwMDAwMDAwMDAwfX0=",
          "dependencies": [
            "azurerm_resource_group.rg"
          ]
        }
      ]
    }
  ],
  "check_results": null
}
